
Microsoft Visual Studio Solution File, Format Version 12.00
# Visual Studio Version 17
VisualStudioVersion = 17.1.32414.318
MinimumVisualStudioVersion = 10.0.40219.1
Project("{9A19103F-16F7-4668-BE54-9A1E7A4F7556}") = "Sidecar", "Sidecar.csproj", "{DE88AE91-D6DD-4058-AECE-BDDFFF318B8E}"
EndProject
Global
	GlobalSection(SolutionConfigurationPlatforms) = preSolution
		Debug|Any CPU = Debug|Any CPU
		Release|Any CPU = Release|Any CPU
	EndGlobalSection
	GlobalSection(ProjectConfigurationPlatforms) = postSolution
		{DE88AE91-D6DD-4058-AECE-BDDFFF318B8E}.Debug|Any CPU.ActiveCfg = Debug|Any CPU
		{DE88AE91-D6DD-4058-AECE-BDDFFF318B8E}.Debug|Any CPU.Build.0 = Debug|Any CPU
		{DE88AE91-D6DD-4058-AECE-BDDFFF318B8E}.Release|Any CPU.ActiveCfg = Release|Any CPU
		{DE88AE91-D6DD-4058-AECE-BDDFFF318B8E}.Release|Any CPU.Build.0 = Release|Any CPU
	EndGlobalSection
	GlobalSection(SolutionProperties) = preSolution
		HideSolutionNode = FALSE
	EndGlobalSection
	GlobalSection(ExtensibilityGlobals) = postSolution
		SolutionGuid = {D5EDA6A7-0E35-4E97-8442-1BE06D30B4E0}
	EndGlobalSection
EndGlobal
